<?xml version="1.0" encoding="utf-8"?>
<Project ToolsVersion="4.0" xmlns="http://schemas.microsoft.com/developer/msbuild/2003">
  <ItemGroup>
    <Filter Include="Source Files">
      <UniqueIdentifier>{decef409-ccdf-4805-9709-fdc01285a337}</UniqueIdentifier>
      <Extensions>cpp;c;cxx;rc;def;r;odl;hpj;bat;for;f90</Extensions>
    </Filter>
    <Filter Include="Header files">
      <UniqueIdentifier>{1f3284ae-0f99-4306-a6b8-d9665ec2079e}</UniqueIdentifier>
      <Extensions>h;hpp;hxx;hm;inl</Extensions>
    </Filter>
  </ItemGroup>
  <ItemGroup>
    <ClCompile Include="argmatch.c">
      <Filter>Source Files</Filter>
    </ClCompile>
    <ClCompile Include="getdelim.c">
      <Filter>Source Files</Filter>
    </ClCompile>
    <ClCompile Include="getline.c">
      <Filter>Source Files</Filter>
    </ClCompile>
    <ClCompile Include="getopt_long.c">
      <Filter>Source Files</Filter>
    </ClCompile>
    <ClCompile Include="regcomp.c">
      <Filter>Source Files</Filter>
    </ClCompile>
    <ClCompile Include="sighandle.c">
      <Filter>Source Files</Filter>
    </ClCompile>
  </ItemGroup>
  <ItemGroup>
    <ClInclude Include="getdelim.h">
      <Filter>Header files</Filter>
    </ClInclude>
    <ClInclude Include="getline.h">
      <Filter>Header files</Filter>
    </ClInclude>
    <ClInclude Include="getopt1.h">
      <Filter>Header files</Filter>
    </ClInclude>
    <ClInclude Include="regex1.h">
      <Filter>Header files</Filter>
    </ClInclude>
    <ClInclude Include="system.h">
      <Filter>Header files</Filter>
    </ClInclude>
  </ItemGroup>
</Project>