<?xml version="1.0" encoding="utf-8"?>
<Project ToolsVersion="4.0" xmlns="http://schemas.microsoft.com/developer/msbuild/2003">
  <ItemGroup>
    <Filter Include="Source Files">
      <UniqueIdentifier>{12926794-8364-4ff2-afef-8abb39fe8a26}</UniqueIdentifier>
      <Extensions>*.c</Extensions>
    </Filter>
    <Filter Include="Include Files">
      <UniqueIdentifier>{c8ba5b33-6200-4444-bbd2-b5f25aa766bd}</UniqueIdentifier>
    </Filter>
  </ItemGroup>
  <ItemGroup>
    <ClCompile Include="win32\pcre_chartables.c">
      <Filter>Source Files</Filter>
    </ClCompile>
    <ClCompile Include="pcre_compile.c">
      <Filter>Source Files</Filter>
    </ClCompile>
    <ClCompile Include="pcre_config.c">
      <Filter>Source Files</Filter>
    </ClCompile>
    <ClCompile Include="pcre_dfa_exec.c">
      <Filter>Source Files</Filter>
    </ClCompile>
    <ClCompile Include="pcre_exec.c">
      <Filter>Source Files</Filter>
    </ClCompile>
    <ClCompile Include="pcre_fullinfo.c">
      <Filter>Source Files</Filter>
    </ClCompile>
    <ClCompile Include="pcre_get.c">
      <Filter>Source Files</Filter>
    </ClCompile>
    <ClCompile Include="pcre_globals.c">
      <Filter>Source Files</Filter>
    </ClCompile>
    <ClCompile Include="pcre_info.c">
      <Filter>Source Files</Filter>
    </ClCompile>
    <ClCompile Include="pcre_maketables.c">
      <Filter>Source Files</Filter>
    </ClCompile>
    <ClCompile Include="pcre_ord2utf8.c">
      <Filter>Source Files</Filter>
    </ClCompile>
    <ClCompile Include="pcre_refcount.c">
      <Filter>Source Files</Filter>
    </ClCompile>
    <ClCompile Include="pcre_study.c">
      <Filter>Source Files</Filter>
    </ClCompile>
    <ClCompile Include="pcre_tables.c">
      <Filter>Source Files</Filter>
    </ClCompile>
    <ClCompile Include="pcre_try_flipped.c">
      <Filter>Source Files</Filter>
    </ClCompile>
    <ClCompile Include="pcre_ucp_searchfuncs.c">
      <Filter>Source Files</Filter>
    </ClCompile>
    <ClCompile Include="pcre_valid_utf8.c">
      <Filter>Source Files</Filter>
    </ClCompile>
    <ClCompile Include="pcre_version.c">
      <Filter>Source Files</Filter>
    </ClCompile>
    <ClCompile Include="pcre_xclass.c">
      <Filter>Source Files</Filter>
    </ClCompile>
    <ClCompile Include="pcreposix.c">
      <Filter>Source Files</Filter>
    </ClCompile>
  </ItemGroup>
  <ItemGroup>
    <ClInclude Include="win32\config.h">
      <Filter>Include Files</Filter>
    </ClInclude>
    <ClInclude Include="pcre.h">
      <Filter>Include Files</Filter>
    </ClInclude>
    <ClInclude Include="pcre_internal.h">
      <Filter>Include Files</Filter>
    </ClInclude>
    <ClInclude Include="pcre_scanner.h">
      <Filter>Include Files</Filter>
    </ClInclude>
    <ClInclude Include="pcreposix.h">
      <Filter>Include Files</Filter>
    </ClInclude>
    <ClInclude Include="ucp.h">
      <Filter>Include Files</Filter>
    </ClInclude>
    <ClInclude Include="ucpinternal.h">
      <Filter>Include Files</Filter>
    </ClInclude>
  </ItemGroup>
</Project>