<?xml version="1.0" encoding="utf-8"?>
<Project ToolsVersion="4.0" xmlns="http://schemas.microsoft.com/developer/msbuild/2003">
  <ItemGroup>
    <Filter Include="Source Files">
      <UniqueIdentifier>{c2f9e69a-bb45-48dd-9e3f-9ac81fa2d93c}</UniqueIdentifier>
      <Extensions>cpp;c;cxx;rc;def;r;odl;idl;hpj;bat</Extensions>
    </Filter>
    <Filter Include="Header Files">
      <UniqueIdentifier>{206f4a9c-654a-49e2-a776-5bcfc7d7f696}</UniqueIdentifier>
      <Extensions>h;hpp;hxx;hm;inl</Extensions>
    </Filter>
    <Filter Include="Resource Files">
      <UniqueIdentifier>{0592c478-5e38-433a-8941-6b63508f7e14}</UniqueIdentifier>
      <Extensions>ico;cur;bmp;dlg;rc2;rct;bin;rgs;gif;jpg;jpeg;jpe</Extensions>
    </Filter>
  </ItemGroup>
  <ItemGroup>
    <ClCompile Include="AboutPage.cpp">
      <Filter>Source Files</Filter>
    </ClCompile>
    <ClCompile Include="AdvancedPage.cpp">
      <Filter>Source Files</Filter>
    </ClCompile>
    <ClCompile Include="AdvertDialog.cpp">
      <Filter>Source Files</Filter>
    </ClCompile>
    <ClCompile Include="Applet.cpp">
      <Filter>Source Files</Filter>
    </ClCompile>
    <ClCompile Include="CompatibiltyPage.cpp">
      <Filter>Source Files</Filter>
    </ClCompile>
    <ClCompile Include="cvsnt.cpp">
      <Filter>Source Files</Filter>
    </ClCompile>
    <ClCompile Include="cvsnt1.cpp">
      <Filter>Source Files</Filter>
    </ClCompile>
    <ClCompile Include="NewRootDialog.cpp">
      <Filter>Source Files</Filter>
    </ClCompile>
    <ClCompile Include="ProtocolsPage.cpp">
      <Filter>Source Files</Filter>
    </ClCompile>
    <ClCompile Include="RepositoryPage.cpp">
      <Filter>Source Files</Filter>
    </ClCompile>
    <ClCompile Include="serverPage.cpp">
      <Filter>Source Files</Filter>
    </ClCompile>
    <ClCompile Include="settingspage.cpp">
      <Filter>Source Files</Filter>
    </ClCompile>
    <ClCompile Include="StdAfx.cpp">
      <Filter>Source Files</Filter>
    </ClCompile>
    <ClCompile Include="TooltipPropertyPage.cpp">
      <Filter>Source Files</Filter>
    </ClCompile>
    <ClCompile Include="UsageDialog.cpp">
      <Filter>Source Files</Filter>
    </ClCompile>
  </ItemGroup>
  <ItemGroup>
    <None Include="cvsnt.def">
      <Filter>Source Files</Filter>
    </None>
    <None Include="res\cvsntcpl.rc2">
      <Filter>Resource Files</Filter>
    </None>
    <None Include="icon1.ico">
      <Filter>Resource Files</Filter>
    </None>
    <None Include="mhlogo_plus_cvsnt.bmp">
      <Filter>Resource Files</Filter>
    </None>
  </ItemGroup>
  <ItemGroup>
    <ClInclude Include="AboutPage.h">
      <Filter>Header Files</Filter>
    </ClInclude>
    <ClInclude Include="AdvancedPage.h">
      <Filter>Header Files</Filter>
    </ClInclude>
    <ClInclude Include="AdvertDialog.h">
      <Filter>Header Files</Filter>
    </ClInclude>
    <ClInclude Include="CompatibiltyPage.h">
      <Filter>Header Files</Filter>
    </ClInclude>
    <ClInclude Include="cvsnt.h">
      <Filter>Header Files</Filter>
    </ClInclude>
    <ClInclude Include="cvsnt1.h">
      <Filter>Header Files</Filter>
    </ClInclude>
    <ClInclude Include="NewRootDialog.h">
      <Filter>Header Files</Filter>
    </ClInclude>
    <ClInclude Include="ProtocolsPage.h">
      <Filter>Header Files</Filter>
    </ClInclude>
    <ClInclude Include="RepositoryPage.h">
      <Filter>Header Files</Filter>
    </ClInclude>
    <ClInclude Include="Resource.h">
      <Filter>Header Files</Filter>
    </ClInclude>
    <ClInclude Include="serverPage.h">
      <Filter>Header Files</Filter>
    </ClInclude>
    <ClInclude Include="settingspage.h">
      <Filter>Header Files</Filter>
    </ClInclude>
    <ClInclude Include="StdAfx.h">
      <Filter>Header Files</Filter>
    </ClInclude>
    <ClInclude Include="TooltipPropertyPage.h">
      <Filter>Header Files</Filter>
    </ClInclude>
    <ClInclude Include="UsageDialog.h">
      <Filter>Header Files</Filter>
    </ClInclude>
  </ItemGroup>
  <ItemGroup>
    <ResourceCompile Include="cvsntcpl.rc">
      <Filter>Resource Files</Filter>
    </ResourceCompile>
  </ItemGroup>
</Project>