<?xml version="1.0" encoding="utf-8"?>
<Project ToolsVersion="4.0" xmlns="http://schemas.microsoft.com/developer/msbuild/2003">
  <ItemGroup>
    <Filter Include="Source Files">
      <UniqueIdentifier>{58cfc275-726b-4d06-a545-3b16bf1505df}</UniqueIdentifier>
      <Extensions>cpp;c;cxx;rc;def;r;odl;idl;hpj;bat;for;f90</Extensions>
    </Filter>
    <Filter Include="Header Files">
      <UniqueIdentifier>{c0eaa6d1-d312-4e64-86f8-60963a72f9d9}</UniqueIdentifier>
      <Extensions>h;hpp;hxx;hm;inl;fi;fd</Extensions>
    </Filter>
    <Filter Include="Resource Files">
      <UniqueIdentifier>{82fcbb95-fdfc-4fb0-967a-e495765cfe53}</UniqueIdentifier>
      <Extensions>ico;cur;bmp;dlg;rc2;rct;bin;cnt;rtf;gif;jpg;jpeg;jpe</Extensions>
    </Filter>
  </ItemGroup>
  <ItemGroup>
    <ClCompile Include="src\add.cpp">
      <Filter>Source Files</Filter>
    </ClCompile>
    <ClCompile Include="src\admin.cpp">
      <Filter>Source Files</Filter>
    </ClCompile>
    <ClCompile Include="src\annotate.cpp">
      <Filter>Source Files</Filter>
    </ClCompile>
    <ClCompile Include="src\buffer.cpp">
      <Filter>Source Files</Filter>
    </ClCompile>
    <ClCompile Include="src\chacl.cpp">
      <Filter>Source Files</Filter>
    </ClCompile>
    <ClCompile Include="src\checkin.cpp">
      <Filter>Source Files</Filter>
    </ClCompile>
    <ClCompile Include="src\checkout.cpp">
      <Filter>Source Files</Filter>
    </ClCompile>
    <ClCompile Include="src\chown.cpp">
      <Filter>Source Files</Filter>
    </ClCompile>
    <ClCompile Include="src\classify.cpp">
      <Filter>Source Files</Filter>
    </ClCompile>
    <ClCompile Include="src\client.cpp">
      <Filter>Source Files</Filter>
    </ClCompile>
    <ClCompile Include="src\commit.cpp">
      <Filter>Source Files</Filter>
    </ClCompile>
    <ClCompile Include="src\create_adm.cpp">
      <Filter>Source Files</Filter>
    </ClCompile>
    <ClCompile Include="src\cvsrc.cpp">
      <Filter>Source Files</Filter>
    </ClCompile>
    <ClCompile Include="src\cvsrcs.cpp">
      <Filter>Source Files</Filter>
    </ClCompile>
    <ClCompile Include="src\diff.cpp">
      <Filter>Source Files</Filter>
    </ClCompile>
    <ClCompile Include="src\edit.cpp">
      <Filter>Source Files</Filter>
    </ClCompile>
    <ClCompile Include="src\entries.cpp">
      <Filter>Source Files</Filter>
    </ClCompile>
    <ClCompile Include="src\error.cpp">
      <Filter>Source Files</Filter>
    </ClCompile>
    <ClCompile Include="src\expand_path.cpp">
      <Filter>Source Files</Filter>
    </ClCompile>
    <ClCompile Include="src\fileattr.cpp">
      <Filter>Source Files</Filter>
    </ClCompile>
    <ClCompile Include="windows-NT\filesubr.cpp">
      <Filter>Source Files</Filter>
    </ClCompile>
    <ClCompile Include="src\find_names.cpp">
      <Filter>Source Files</Filter>
    </ClCompile>
    <ClCompile Include="src\hash.cpp">
      <Filter>Source Files</Filter>
    </ClCompile>
    <ClCompile Include="src\history.cpp">
      <Filter>Source Files</Filter>
    </ClCompile>
    <ClCompile Include="src\ignore.cpp">
      <Filter>Source Files</Filter>
    </ClCompile>
    <ClCompile Include="src\import.cpp">
      <Filter>Source Files</Filter>
    </ClCompile>
    <ClCompile Include="src\info.cpp">
      <Filter>Source Files</Filter>
    </ClCompile>
    <ClCompile Include="src\lock.cpp">
      <Filter>Source Files</Filter>
    </ClCompile>
    <ClCompile Include="src\log.cpp">
      <Filter>Source Files</Filter>
    </ClCompile>
    <ClCompile Include="src\login.cpp">
      <Filter>Source Files</Filter>
    </ClCompile>
    <ClCompile Include="src\logmsg.cpp">
      <Filter>Source Files</Filter>
    </ClCompile>
    <ClCompile Include="src\ls.cpp">
      <Filter>Source Files</Filter>
    </ClCompile>
    <ClCompile Include="src\lsacl.cpp">
      <Filter>Source Files</Filter>
    </ClCompile>
    <ClCompile Include="src\main.cpp">
      <Filter>Source Files</Filter>
    </ClCompile>
    <ClCompile Include="src\mapping.cpp">
      <Filter>Source Files</Filter>
    </ClCompile>
    <ClCompile Include="windows-NT\mkdir.cpp">
      <Filter>Source Files</Filter>
    </ClCompile>
    <ClCompile Include="src\mkmodules.cpp">
      <Filter>Source Files</Filter>
    </ClCompile>
    <ClCompile Include="src\modules.cpp">
      <Filter>Source Files</Filter>
    </ClCompile>
    <ClCompile Include="src\myndbm.cpp">
      <Filter>Source Files</Filter>
    </ClCompile>
    <ClCompile Include="src\no_diff.cpp">
      <Filter>Source Files</Filter>
    </ClCompile>
    <ClCompile Include="src\parseinfo.cpp">
      <Filter>Source Files</Filter>
    </ClCompile>
    <ClCompile Include="src\passwd.cpp">
      <Filter>Source Files</Filter>
    </ClCompile>
    <ClCompile Include="src\patch.cpp">
      <Filter>Source Files</Filter>
    </ClCompile>
    <ClCompile Include="src\perms.cpp">
      <Filter>Source Files</Filter>
    </ClCompile>
    <ClCompile Include="windows-NT\pwd.cpp">
      <Filter>Source Files</Filter>
    </ClCompile>
    <ClCompile Include="src\rcs.cpp">
      <Filter>Source Files</Filter>
    </ClCompile>
    <ClCompile Include="src\rcscmds.cpp">
      <Filter>Source Files</Filter>
    </ClCompile>
    <ClCompile Include="src\recurse.cpp">
      <Filter>Source Files</Filter>
    </ClCompile>
    <ClCompile Include="src\release.cpp">
      <Filter>Source Files</Filter>
    </ClCompile>
    <ClCompile Include="src\remove.cpp">
      <Filter>Source Files</Filter>
    </ClCompile>
    <ClCompile Include="src\rename.cpp">
      <Filter>Source Files</Filter>
    </ClCompile>
    <ClCompile Include="src\repos.cpp">
      <Filter>Source Files</Filter>
    </ClCompile>
    <ClCompile Include="src\root.cpp">
      <Filter>Source Files</Filter>
    </ClCompile>
    <ClCompile Include="src\run.cpp">
      <Filter>Source Files</Filter>
    </ClCompile>
    <ClCompile Include="src\savecwd.cpp">
      <Filter>Source Files</Filter>
    </ClCompile>
    <ClCompile Include="src\scramble.cpp">
      <Filter>Source Files</Filter>
    </ClCompile>
    <ClCompile Include="src\server.cpp">
      <Filter>Source Files</Filter>
    </ClCompile>
    <ClCompile Include="windows-NT\setuid.cpp">
      <Filter>Source Files</Filter>
    </ClCompile>
    <ClCompile Include="windows-NT\sockerror.cpp">
      <Filter>Source Files</Filter>
    </ClCompile>
    <ClCompile Include="src\status.cpp">
      <Filter>Source Files</Filter>
    </ClCompile>
    <ClCompile Include="windows-NT\stripslash.cpp">
      <Filter>Source Files</Filter>
    </ClCompile>
    <ClCompile Include="src\subr.cpp">
      <Filter>Source Files</Filter>
    </ClCompile>
    <ClCompile Include="src\switch.cpp">
      <Filter>Source Files</Filter>
    </ClCompile>
    <ClCompile Include="src\tag.cpp">
      <Filter>Source Files</Filter>
    </ClCompile>
    <ClCompile Include="src\update.cpp">
      <Filter>Source Files</Filter>
    </ClCompile>
    <ClCompile Include="src\vers_ts.cpp">
      <Filter>Source Files</Filter>
    </ClCompile>
    <ClCompile Include="src\version.cpp">
      <Filter>Source Files</Filter>
    </ClCompile>
    <ClCompile Include="windows-NT\waitpid.cpp">
      <Filter>Source Files</Filter>
    </ClCompile>
    <ClCompile Include="src\watch.cpp">
      <Filter>Source Files</Filter>
    </ClCompile>
    <ClCompile Include="windows-NT\win32.cpp">
      <Filter>Source Files</Filter>
    </ClCompile>
    <ClCompile Include="src\wrapper.cpp">
      <Filter>Source Files</Filter>
    </ClCompile>
    <ClCompile Include="src\xdiff.cpp">
      <Filter>Source Files</Filter>
    </ClCompile>
    <ClCompile Include="src\xgetwd.cpp">
      <Filter>Source Files</Filter>
    </ClCompile>
    <ClCompile Include="src\zlib.cpp">
      <Filter>Source Files</Filter>
    </ClCompile>
  </ItemGroup>
  <ItemGroup>
    <ClInclude Include="src\buffer.h">
      <Filter>Header Files</Filter>
    </ClInclude>
    <ClInclude Include="src\client.h">
      <Filter>Header Files</Filter>
    </ClInclude>
    <ClInclude Include="windows-NT\config.h">
      <Filter>Header Files</Filter>
    </ClInclude>
    <ClInclude Include="src\cvs.h">
      <Filter>Header Files</Filter>
    </ClInclude>
    <ClInclude Include="src\edit.h">
      <Filter>Header Files</Filter>
    </ClInclude>
    <ClInclude Include="src\fileattr.h">
      <Filter>Header Files</Filter>
    </ClInclude>
    <ClInclude Include="src\hash.h">
      <Filter>Header Files</Filter>
    </ClInclude>
    <ClInclude Include="src\mapping.h">
      <Filter>Header Files</Filter>
    </ClInclude>
    <ClInclude Include="src\myndbm.h">
      <Filter>Header Files</Filter>
    </ClInclude>
    <ClInclude Include="windows-NT\pwd.h">
      <Filter>Header Files</Filter>
    </ClInclude>
    <ClInclude Include="windows-NT\rcmd.h">
      <Filter>Header Files</Filter>
    </ClInclude>
    <ClInclude Include="src\rcs.h">
      <Filter>Header Files</Filter>
    </ClInclude>
    <ClInclude Include="windows-NT\resource.h">
      <Filter>Header Files</Filter>
    </ClInclude>
    <ClInclude Include="src\savecwd.h">
      <Filter>Header Files</Filter>
    </ClInclude>
    <ClInclude Include="src\server.h">
      <Filter>Header Files</Filter>
    </ClInclude>
    <ClInclude Include="cvsservice\ServiceMsg.h">
      <Filter>Header Files</Filter>
    </ClInclude>
    <ClInclude Include="src\update.h">
      <Filter>Header Files</Filter>
    </ClInclude>
    <ClInclude Include="version_fu.h">
      <Filter>Header Files</Filter>
    </ClInclude>
    <ClInclude Include="version_no.h">
      <Filter>Header Files</Filter>
    </ClInclude>
    <ClInclude Include="src\watch.h">
      <Filter>Header Files</Filter>
    </ClInclude>
  </ItemGroup>
  <ItemGroup>
    <None Include="windows-NT\cvsnt.ico">
      <Filter>Resource Files</Filter>
    </None>
    <None Include="windows-NT\res\cvsnt.rc2">
      <Filter>Resource Files</Filter>
    </None>
    <None Include="windows-NT\VersionInfoCommon.rc2">
      <Filter>Resource Files</Filter>
    </None>
  </ItemGroup>
  <ItemGroup>
    <ResourceCompile Include="windows-NT\cvsnt.rc">
      <Filter>Resource Files</Filter>
    </ResourceCompile>
  </ItemGroup>
</Project>