<?xml version="1.0" encoding="utf-8"?>
<Project ToolsVersion="4.0" xmlns="http://schemas.microsoft.com/developer/msbuild/2003">
  <ItemGroup>
    <Filter Include="Source Files">
      <UniqueIdentifier>{edef5673-b9f6-45cd-8b20-357e16357bcd}</UniqueIdentifier>
      <Extensions>cpp;c;cxx;rc;def;r;odl;idl;hpj;bat</Extensions>
    </Filter>
    <Filter Include="Header Files">
      <UniqueIdentifier>{8e21530c-eefe-48ca-8a8a-4d6c4ec88b64}</UniqueIdentifier>
      <Extensions>h;hpp;hxx;hm;inl</Extensions>
    </Filter>
    <Filter Include="Resource Files">
      <UniqueIdentifier>{30aa2352-298e-4e47-b334-8a399ee1a63a}</UniqueIdentifier>
      <Extensions>ico;cur;bmp;dlg;rc2;rct;bin;rgs;gif;jpg;jpeg;jpe</Extensions>
    </Filter>
  </ItemGroup>
  <ItemGroup>
    <ClCompile Include="OdbcConnection.cpp">
      <Filter>Source Files</Filter>
    </ClCompile>
    <ClCompile Include="OdbcConnectionInformation.cpp">
      <Filter>Source Files</Filter>
    </ClCompile>
    <ClCompile Include="OdbcRecordset.cpp">
      <Filter>Source Files</Filter>
    </ClCompile>
  </ItemGroup>
  <ItemGroup>
    <ClInclude Include="OdbcConnection.h">
      <Filter>Header Files</Filter>
    </ClInclude>
    <ClInclude Include="OdbcConnectionInformation.h">
      <Filter>Header Files</Filter>
    </ClInclude>
    <ClInclude Include="OdbcRecordset.h">
      <Filter>Header Files</Filter>
    </ClInclude>
    <ClInclude Include="win32\resource.h">
      <Filter>Header Files</Filter>
    </ClInclude>
  </ItemGroup>
  <ItemGroup>
    <ResourceCompile Include="win32\odbc_database.rc">
      <Filter>Resource Files</Filter>
    </ResourceCompile>
  </ItemGroup>
</Project>