<?xml version="1.0" encoding="utf-8"?>
<Project ToolsVersion="4.0" xmlns="http://schemas.microsoft.com/developer/msbuild/2003">
  <ItemGroup>
    <Filter Include="Source Files">
      <UniqueIdentifier>{b44f208a-ab14-4952-acea-531433c38e14}</UniqueIdentifier>
      <Extensions>cpp;c;cxx;rc;def;r;odl;idl;hpj;bat</Extensions>
    </Filter>
    <Filter Include="Header Files">
      <UniqueIdentifier>{39fd0df5-c477-40eb-84ad-77d3c0ed9534}</UniqueIdentifier>
      <Extensions>h;hpp;hxx;hm;inl</Extensions>
    </Filter>
    <Filter Include="Resource Files">
      <UniqueIdentifier>{e42a49f1-51bb-474b-a9b2-1026f48aad7d}</UniqueIdentifier>
      <Extensions>ico;cur;bmp;dlg;rc2;rct;bin;rgs;gif;jpg;jpeg;jpe</Extensions>
    </Filter>
  </ItemGroup>
  <ItemGroup>
    <ClCompile Include="MysqlConnection.cpp">
      <Filter>Source Files</Filter>
    </ClCompile>
    <ClCompile Include="MySqlConnectionInformation.cpp">
      <Filter>Source Files</Filter>
    </ClCompile>
    <ClCompile Include="MysqlRecordset.cpp">
      <Filter>Source Files</Filter>
    </ClCompile>
  </ItemGroup>
  <ItemGroup>
    <ClInclude Include="MysqlConnection.h">
      <Filter>Header Files</Filter>
    </ClInclude>
    <ClInclude Include="MySqlConnectionInformation.h">
      <Filter>Header Files</Filter>
    </ClInclude>
    <ClInclude Include="MysqlRecordset.h">
      <Filter>Header Files</Filter>
    </ClInclude>
    <ClInclude Include="win32\resource.h">
      <Filter>Header Files</Filter>
    </ClInclude>
  </ItemGroup>
  <ItemGroup>
    <ResourceCompile Include="win32\mysql_database.rc">
      <Filter>Resource Files</Filter>
    </ResourceCompile>
  </ItemGroup>
</Project>